// !$*UTF8*$!
{
	archiveVersion = 1;
	classes = {
	};
	objectVersion = 45;
	objects = {

/* Begin PBXBuildFile section */
		8DD76F6A0486A84900D96B5E /* miner.1 in CopyFiles */ = {isa = PBXBuildFile; fileRef = C6859E8B029090EE04C91782 /* miner.1 */; };
		E235AFC7135B7F6C004141B6 /* ClassMiner.cpp in Sources */ = {isa = PBXBuildFile; fileRef = E235AFC6135B7F6C004141B6 /* ClassMiner.cpp */; };
/* End PBXBuildFile section */

/* Begin PBXCopyFilesBuildPhase section */
		8DD76F690486A84900D96B5E /* CopyFiles */ = {
			isa = PBXCopyFilesBuildPhase;
			buildActionMask = 8;
			dstPath = /usr/share/man/man1/;
			dstSubfolderSpec = 0;
			files = (
				8DD76F6A0486A84900D96B5E /* miner.1 in CopyFiles */,
			);
			runOnlyForDeploymentPostprocessing = 1;
		};
/* End PBXCopyFilesBuildPhase section */

/* Begin PBXFileReference section */
		8DD76F6C0486A84900D96B5E /* miner */ = {isa = PBXFileReference; explicitFileType = "compiled.mach-o.executable"; includeInIndex = 0; path = miner; sourceTree = BUILT_PRODUCTS_DIR; };
		C6859E8B029090EE04C91782 /* miner.1 */ = {isa = PBXFileReference; lastKnownFileType = text.man; path = miner.1; sourceTree = "<group>"; };
		E235AFB1135B7F6C004141B6 /* build-state.dat */ = {isa = PBXFileReference; fileEncoding = 4; lastKnownFileType = text; path = "build-state.dat"; sourceTree = "<group>"; };
		E235AFB2135B7F6C004141B6 /* miner.dep */ = {isa = PBXFileReference; fileEncoding = 4; lastKnownFileType = text; path = miner.dep; sourceTree = "<group>"; };
		E235AFB4135B7F6C004141B6 /* categories.pbxbtree */ = {isa = PBXFileReference; lastKnownFileType = file; path = categories.pbxbtree; sourceTree = "<group>"; };
		E235AFB5135B7F6C004141B6 /* cdecls.pbxbtree */ = {isa = PBXFileReference; lastKnownFileType = file; path = cdecls.pbxbtree; sourceTree = "<group>"; };
		E235AFB6135B7F6C004141B6 /* decls.pbxbtree */ = {isa = PBXFileReference; lastKnownFileType = file; path = decls.pbxbtree; sourceTree = "<group>"; };
		E235AFB7135B7F6C004141B6 /* files.pbxbtree */ = {isa = PBXFileReference; lastKnownFileType = file; path = files.pbxbtree; sourceTree = "<group>"; };
		E235AFB8135B7F6C004141B6 /* imports.pbxbtree */ = {isa = PBXFileReference; lastKnownFileType = file; path = imports.pbxbtree; sourceTree = "<group>"; };
		E235AFB9135B7F6C004141B6 /* pbxindex.header */ = {isa = PBXFileReference; lastKnownFileType = file; path = pbxindex.header; sourceTree = "<group>"; };
		E235AFBA135B7F6C004141B6 /* protocols.pbxbtree */ = {isa = PBXFileReference; lastKnownFileType = file; path = protocols.pbxbtree; sourceTree = "<group>"; };
		E235AFBB135B7F6C004141B6 /* refs.pbxbtree */ = {isa = PBXFileReference; lastKnownFileType = file; path = refs.pbxbtree; sourceTree = "<group>"; };
		E235AFBD135B7F6C004141B6 /* control */ = {isa = PBXFileReference; lastKnownFileType = text; path = control; sourceTree = "<group>"; };
		E235AFBE135B7F6C004141B6 /* strings */ = {isa = PBXFileReference; lastKnownFileType = text; path = strings; sourceTree = "<group>"; };
		E235AFBF135B7F6C004141B6 /* subclasses.pbxbtree */ = {isa = PBXFileReference; lastKnownFileType = file; path = subclasses.pbxbtree; sourceTree = "<group>"; };
		E235AFC0135B7F6C004141B6 /* symbols0.pbxsymbols */ = {isa = PBXFileReference; lastKnownFileType = file; path = symbols0.pbxsymbols; sourceTree = "<group>"; };
		E235AFC1135B7F6C004141B6 /* miner.1 */ = {isa = PBXFileReference; fileEncoding = 4; lastKnownFileType = text.man; path = miner.1; sourceTree = "<group>"; };
		E235AFC2135B7F6C004141B6 /* miner.xcodeproj */ = {isa = PBXFileReference; lastKnownFileType = "wrapper.pb-project"; path = miner.xcodeproj; sourceTree = "<group>"; };
		E235AFC6135B7F6C004141B6 /* ClassMiner.cpp */ = {isa = PBXFileReference; fileEncoding = 4; lastKnownFileType = sourcecode.cpp.cpp; path = ClassMiner.cpp; sourceTree = "<group>"; };
/* End PBXFileReference section */

/* Begin PBXFrameworksBuildPhase section */
		8DD76F660486A84900D96B5E /* Frameworks */ = {
			isa = PBXFrameworksBuildPhase;
			buildActionMask = 2147483647;
			files = (
			);
			runOnlyForDeploymentPostprocessing = 0;
		};
/* End PBXFrameworksBuildPhase section */

/* Begin PBXGroup section */
		08FB7794FE84155DC02AAC07 /* miner */ = {
			isa = PBXGroup;
			children = (
				08FB7795FE84155DC02AAC07 /* Source */,
				C6859E8C029090F304C91782 /* Documentation */,
				1AB674ADFE9D54B511CA2CBB /* Products */,
			);
			name = miner;
			sourceTree = "<group>";
		};
		08FB7795FE84155DC02AAC07 /* Source */ = {
			isa = PBXGroup;
			children = (
				E235AFAC135B7F6C004141B6 /* miner */,
			);
			name = Source;
			sourceTree = "<group>";
		};
		1AB674ADFE9D54B511CA2CBB /* Products */ = {
			isa = PBXGroup;
			children = (
				8DD76F6C0486A84900D96B5E /* miner */,
			);
			name = Products;
			sourceTree = "<group>";
		};
		C6859E8C029090F304C91782 /* Documentation */ = {
			isa = PBXGroup;
			children = (
				C6859E8B029090EE04C91782 /* miner.1 */,
			);
			name = Documentation;
			sourceTree = "<group>";
		};
		E235AFAC135B7F6C004141B6 /* miner */ = {
			isa = PBXGroup;
			children = (
				E235AFAD135B7F6C004141B6 /* build */,
				E235AFC1135B7F6C004141B6 /* miner.1 */,
				E235AFC2135B7F6C004141B6 /* miner.xcodeproj */,
				E235AFC5135B7F6C004141B6 /* src */,
			);
			name = miner;
			sourceTree = "<group>";
		};
		E235AFAD135B7F6C004141B6 /* build */ = {
			isa = PBXGroup;
			children = (
				E235AFAE135B7F6C004141B6 /* miner.build */,
			);
			path = build;
			sourceTree = "<group>";
		};
		E235AFAE135B7F6C004141B6 /* miner.build */ = {
			isa = PBXGroup;
			children = (
				E235AFAF135B7F6C004141B6 /* Debug */,
				E235AFB3135B7F6C004141B6 /* miner.pbxindex */,
			);
			path = miner.build;
			sourceTree = "<group>";
		};
		E235AFAF135B7F6C004141B6 /* Debug */ = {
			isa = PBXGroup;
			children = (
				E235AFB0135B7F6C004141B6 /* miner.build */,
			);
			path = Debug;
			sourceTree = "<group>";
		};
		E235AFB0135B7F6C004141B6 /* miner.build */ = {
			isa = PBXGroup;
			children = (
				E235AFB1135B7F6C004141B6 /* build-state.dat */,
				E235AFB2135B7F6C004141B6 /* miner.dep */,
			);
			path = miner.build;
			sourceTree = "<group>";
		};
		E235AFB3135B7F6C004141B6 /* miner.pbxindex */ = {
			isa = PBXGroup;
			children = (
				E235AFB4135B7F6C004141B6 /* categories.pbxbtree */,
				E235AFB5135B7F6C004141B6 /* cdecls.pbxbtree */,
				E235AFB6135B7F6C004141B6 /* decls.pbxbtree */,
				E235AFB7135B7F6C004141B6 /* files.pbxbtree */,
				E235AFB8135B7F6C004141B6 /* imports.pbxbtree */,
				E235AFB9135B7F6C004141B6 /* pbxindex.header */,
				E235AFBA135B7F6C004141B6 /* protocols.pbxbtree */,
				E235AFBB135B7F6C004141B6 /* refs.pbxbtree */,
				E235AFBC135B7F6C004141B6 /* strings.pbxstrings */,
				E235AFBF135B7F6C004141B6 /* subclasses.pbxbtree */,
				E235AFC0135B7F6C004141B6 /* symbols0.pbxsymbols */,
			);
			path = miner.pbxindex;
			sourceTree = "<group>";
		};
		E235AFBC135B7F6C004141B6 /* strings.pbxstrings */ = {
			isa = PBXGroup;
			children = (
				E235AFBD135B7F6C004141B6 /* control */,
				E235AFBE135B7F6C004141B6 /* strings */,
			);
			path = strings.pbxstrings;
			sourceTree = "<group>";
		};
		E235AFC3135B7F6C004141B6 /* Products */ = {
			isa = PBXGroup;
			children = (
			);
			name = Products;
			sourceTree = "<group>";
		};
		E235AFC5135B7F6C004141B6 /* src */ = {
			isa = PBXGroup;
			children = (
				E235AFC6135B7F6C004141B6 /* ClassMiner.cpp */,
			);
			path = src;
			sourceTree = "<group>";
		};
/* End PBXGroup section */

/* Begin PBXNativeTarget section */
		8DD76F620486A84900D96B5E /* miner */ = {
			isa = PBXNativeTarget;
			buildConfigurationList = 1DEB923108733DC60010E9CD /* Build configuration list for PBXNativeTarget "miner" */;
			buildPhases = (
				8DD76F640486A84900D96B5E /* Sources */,
				8DD76F660486A84900D96B5E /* Frameworks */,
				8DD76F690486A84900D96B5E /* CopyFiles */,
			);
			buildRules = (
			);
			dependencies = (
			);
			name = miner;
			productInstallPath = "$(HOME)/bin";
			productName = miner;
			productReference = 8DD76F6C0486A84900D96B5E /* miner */;
			productType = "com.apple.product-type.tool";
		};
/* End PBXNativeTarget section */

/* Begin PBXProject section */
		08FB7793FE84155DC02AAC07 /* Project object */ = {
			isa = PBXProject;
			buildConfigurationList = 1DEB923508733DC60010E9CD /* Build configuration list for PBXProject "miner" */;
			compatibilityVersion = "Xcode 3.1";
			developmentRegion = English;
			hasScannedForEncodings = 1;
			knownRegions = (
				en,
			);
			mainGroup = 08FB7794FE84155DC02AAC07 /* miner */;
			projectDirPath = "";
			projectReferences = (
				{
					ProductGroup = E235AFC3135B7F6C004141B6 /* Products */;
					ProjectRef = E235AFC2135B7F6C004141B6 /* miner.xcodeproj */;
				},
			);
			projectRoot = "";
			targets = (
				8DD76F620486A84900D96B5E /* miner */,
			);
		};
/* End PBXProject section */

/* Begin PBXSourcesBuildPhase section */
		8DD76F640486A84900D96B5E /* Sources */ = {
			isa = PBXSourcesBuildPhase;
			buildActionMask = 2147483647;
			files = (
				E235AFC7135B7F6C004141B6 /* ClassMiner.cpp in Sources */,
			);
			runOnlyForDeploymentPostprocessing = 0;
		};
/* End PBXSourcesBuildPhase section */

/* Begin XCBuildConfiguration section */
		1DEB923208733DC60010E9CD /* Debug */ = {
			isa = XCBuildConfiguration;
			buildSettings = {
				ALWAYS_SEARCH_USER_PATHS = NO;
				ARCHS = "$(ARCHS_STANDARD_64_BIT)";
				COPY_PHASE_STRIP = NO;
				GCC_DYNAMIC_NO_PIC = NO;
				GCC_ENABLE_FIX_AND_CONTINUE = YES;
				GCC_MODEL_TUNING = G5;
				GCC_OPTIMIZATION_LEVEL = 0;
				INSTALL_PATH = /usr/local/bin;
				PRODUCT_NAME = miner;
				SDKROOT = macosx10.7;
				VALID_ARCHS = x86_64;
			};
			name = Debug;
		};
		1DEB923308733DC60010E9CD /* Release */ = {
			isa = XCBuildConfiguration;
			buildSettings = {
				ALWAYS_SEARCH_USER_PATHS = NO;
				ARCHS = "$(ARCHS_STANDARD_64_BIT)";
				DEBUG_INFORMATION_FORMAT = "dwarf-with-dsym";
				GCC_MODEL_TUNING = G5;
				HEADER_SEARCH_PATHS = (
					/usr/local/boost_1_46_1,
					/Users/dquigley/Documents/notebook/code/src/carmen/src,
				);
				INSTALL_PATH = /usr/local/bin;
				LIBRARY_SEARCH_PATHS = /Users/dquigley/Documents/notebook/code/src/carmen/DerivedData/carmen/Build/Products/Release64;
				PRODUCT_NAME = miner;
				SDKROOT = macosx10.7;
				VALID_ARCHS = x86_64;
			};
			name = Release;
		};
		1DEB923608733DC60010E9CD /* Debug */ = {
			isa = XCBuildConfiguration;
			buildSettings = {
				ARCHS = "$(ARCHS_STANDARD_32_64_BIT)";
				GCC_C_LANGUAGE_STANDARD = gnu99;
				GCC_OPTIMIZATION_LEVEL = 0;
				GCC_WARN_ABOUT_RETURN_TYPE = YES;
				GCC_WARN_UNUSED_VARIABLE = YES;
				ONLY_ACTIVE_ARCH = YES;
				PREBINDING = NO;
				SDKROOT = macosx10.6;
			};
			name = Debug;
		};
		1DEB923708733DC60010E9CD /* Release */ = {
			isa = XCBuildConfiguration;
			buildSettings = {
				ARCHS = "$(ARCHS_STANDARD_32_64_BIT)";
				GCC_C_LANGUAGE_STANDARD = gnu99;
				GCC_WARN_ABOUT_RETURN_TYPE = YES;
				GCC_WARN_UNUSED_VARIABLE = YES;
				HEADER_SEARCH_PATHS = (
					/usr/local/boost_1_46_1,
					/Users/dquigley/Documents/notebook/code/carmen/src,
				);
				LIBRARY_SEARCH_PATHS = /Users/dquigley/Documents/notebook/code/carmen/build/Release64;
				OTHER_LDFLAGS = (
					"-l",
					carmen,
				);
				PREBINDING = NO;
				SDKROOT = macosx10.6;
			};
			name = Release;
		};
/* End XCBuildConfiguration section */

/* Begin XCConfigurationList section */
		1DEB923108733DC60010E9CD /* Build configuration list for PBXNativeTarget "miner" */ = {
			isa = XCConfigurationList;
			buildConfigurations = (
				1DEB923208733DC60010E9CD /* Debug */,
				1DEB923308733DC60010E9CD /* Release */,
			);
			defaultConfigurationIsVisible = 0;
			defaultConfigurationName = Release;
		};
		1DEB923508733DC60010E9CD /* Build configuration list for PBXProject "miner" */ = {
			isa = XCConfigurationList;
			buildConfigurations = (
				1DEB923608733DC60010E9CD /* Debug */,
				1DEB923708733DC60010E9CD /* Release */,
			);
			defaultConfigurationIsVisible = 0;
			defaultConfigurationName = Release;
		};
/* End XCConfigurationList section */
	};
	rootObject = 08FB7793FE84155DC02AAC07 /* Project object */;
}
