
Microsoft Visual Studio Solution File, Format Version 9.00
# Visual Studio 2005
Project("{8BC9CEB8-8B4A-11D0-8D11-00A0C91BC942}") = "carmen", "carmen.vcproj", "{EC183968-28E7-4146-A56A-719ADB7FFB3A}"
EndProject
Global
	GlobalSection(SolutionConfigurationPlatforms) = preSolution
		Debug|Win32 = Debug|Win32
		Release|Win32 = Release|Win32
	EndGlobalSection
	GlobalSection(ProjectConfigurationPlatforms) = postSolution
		{EC183968-28E7-4146-A56A-719ADB7FFB3A}.Debug|Win32.ActiveCfg = Debug|Win32
		{EC183968-28E7-4146-A56A-719ADB7FFB3A}.Debug|Win32.Build.0 = Debug|Win32
		{EC183968-28E7-4146-A56A-719ADB7FFB3A}.Release|Win32.ActiveCfg = Release|Win32
		{EC183968-28E7-4146-A56A-719ADB7FFB3A}.Release|Win32.Build.0 = Release|Win32
	EndGlobalSection
	GlobalSection(SolutionProperties) = preSolution
		HideSolutionNode = FALSE
	EndGlobalSection
EndGlobal
