
Microsoft Visual Studio Solution File, Format Version 9.00
# Visual Studio 2005
Project("{8BC9CEB8-8B4A-11D0-8D11-00A0C91BC942}") = "coreminer", "coreminer.vcproj", "{21D83EC8-A79A-4167-959E-4A068111F3A8}"
EndProject
Global
	GlobalSection(SolutionConfigurationPlatforms) = preSolution
		Debug|Win32 = Debug|Win32
		Release|Win32 = Release|Win32
	EndGlobalSection
	GlobalSection(ProjectConfigurationPlatforms) = postSolution
		{21D83EC8-A79A-4167-959E-4A068111F3A8}.Debug|Win32.ActiveCfg = Debug|Win32
		{21D83EC8-A79A-4167-959E-4A068111F3A8}.Debug|Win32.Build.0 = Debug|Win32
		{21D83EC8-A79A-4167-959E-4A068111F3A8}.Release|Win32.ActiveCfg = Release|Win32
		{21D83EC8-A79A-4167-959E-4A068111F3A8}.Release|Win32.Build.0 = Release|Win32
	EndGlobalSection
	GlobalSection(SolutionProperties) = preSolution
		HideSolutionNode = FALSE
	EndGlobalSection
EndGlobal
