// !$*UTF8*$!
{
	archiveVersion = 1;
	classes = {
	};
	objectVersion = 46;
	objects = {

/* Begin PBXBuildFile section */
		E235AF40135B72AF004141B6 /* adaboost.cpp in Sources */ = {isa = PBXBuildFile; fileRef = E235AF1C135B72AF004141B6 /* adaboost.cpp */; };
		E235AF41135B72AF004141B6 /* adaboost.h in Headers */ = {isa = PBXBuildFile; fileRef = E235AF1D135B72AF004141B6 /* adaboost.h */; };
		E235AF42135B72AF004141B6 /* Attributes.cpp in Sources */ = {isa = PBXBuildFile; fileRef = E235AF1E135B72AF004141B6 /* Attributes.cpp */; };
		E235AF43135B72AF004141B6 /* Attributes.h in Headers */ = {isa = PBXBuildFile; fileRef = E235AF1F135B72AF004141B6 /* Attributes.h */; };
		E235AF44135B72AF004141B6 /* chi2.cpp in Sources */ = {isa = PBXBuildFile; fileRef = E235AF20135B72AF004141B6 /* chi2.cpp */; };
		E235AF45135B72AF004141B6 /* chi2.h in Headers */ = {isa = PBXBuildFile; fileRef = E235AF21135B72AF004141B6 /* chi2.h */; };
		E235AF46135B72AF004141B6 /* Classifier.h in Headers */ = {isa = PBXBuildFile; fileRef = E235AF23135B72AF004141B6 /* Classifier.h */; };
		E235AF47135B72AF004141B6 /* ClassMiner.h in Headers */ = {isa = PBXBuildFile; fileRef = E235AF24135B72AF004141B6 /* ClassMiner.h */; };
		E235AF48135B72AF004141B6 /* ClassMinerOptions.cpp in Sources */ = {isa = PBXBuildFile; fileRef = E235AF25135B72AF004141B6 /* ClassMinerOptions.cpp */; };
		E235AF49135B72AF004141B6 /* ClassMinerOptions.h in Headers */ = {isa = PBXBuildFile; fileRef = E235AF26135B72AF004141B6 /* ClassMinerOptions.h */; };
		E235AF4A135B72AF004141B6 /* Dataset.cpp in Sources */ = {isa = PBXBuildFile; fileRef = E235AF27135B72AF004141B6 /* Dataset.cpp */; };
		E235AF4B135B72AF004141B6 /* Dataset.h in Headers */ = {isa = PBXBuildFile; fileRef = E235AF28135B72AF004141B6 /* Dataset.h */; };
		E235AF4C135B72AF004141B6 /* DataStructures.cpp in Sources */ = {isa = PBXBuildFile; fileRef = E235AF29135B72AF004141B6 /* DataStructures.cpp */; };
		E235AF4D135B72AF004141B6 /* DataStructures.h in Headers */ = {isa = PBXBuildFile; fileRef = E235AF2A135B72AF004141B6 /* DataStructures.h */; };
		E235AF4E135B72AF004141B6 /* Discretize.cpp in Sources */ = {isa = PBXBuildFile; fileRef = E235AF2B135B72AF004141B6 /* Discretize.cpp */; };
		E235AF4F135B72AF004141B6 /* Discretize.h in Headers */ = {isa = PBXBuildFile; fileRef = E235AF2C135B72AF004141B6 /* Discretize.h */; };
		E235AF50135B72AF004141B6 /* Evaluation.cpp in Sources */ = {isa = PBXBuildFile; fileRef = E235AF2D135B72AF004141B6 /* Evaluation.cpp */; };
		E235AF51135B72AF004141B6 /* Evaluation.h in Headers */ = {isa = PBXBuildFile; fileRef = E235AF2E135B72AF004141B6 /* Evaluation.h */; };
		E235AF52135B72AF004141B6 /* graph.cpp in Sources */ = {isa = PBXBuildFile; fileRef = E235AF2F135B72AF004141B6 /* graph.cpp */; };
		E235AF53135B72AF004141B6 /* graph.h in Headers */ = {isa = PBXBuildFile; fileRef = E235AF30135B72AF004141B6 /* graph.h */; };
		E235AF54135B72AF004141B6 /* Miner.cpp in Sources */ = {isa = PBXBuildFile; fileRef = E235AF31135B72AF004141B6 /* Miner.cpp */; };
		E235AF55135B72AF004141B6 /* ParseOptions.cpp in Sources */ = {isa = PBXBuildFile; fileRef = E235AF32135B72AF004141B6 /* ParseOptions.cpp */; };
		E235AF56135B72AF004141B6 /* ParseOptions.h in Headers */ = {isa = PBXBuildFile; fileRef = E235AF33135B72AF004141B6 /* ParseOptions.h */; };
		E235AF57135B72AF004141B6 /* Parser.cpp in Sources */ = {isa = PBXBuildFile; fileRef = E235AF34135B72AF004141B6 /* Parser.cpp */; };
		E235AF58135B72AF004141B6 /* Parser.h in Headers */ = {isa = PBXBuildFile; fileRef = E235AF35135B72AF004141B6 /* Parser.h */; };
		E235AF59135B72AF004141B6 /* Perm.cpp in Sources */ = {isa = PBXBuildFile; fileRef = E235AF36135B72AF004141B6 /* Perm.cpp */; };
		E235AF5A135B72AF004141B6 /* Perm.h in Headers */ = {isa = PBXBuildFile; fileRef = E235AF37135B72AF004141B6 /* Perm.h */; };
		E235AF5B135B72AF004141B6 /* Rawdata.cpp in Sources */ = {isa = PBXBuildFile; fileRef = E235AF38135B72AF004141B6 /* Rawdata.cpp */; };
		E235AF5C135B72AF004141B6 /* Rawdata.h in Headers */ = {isa = PBXBuildFile; fileRef = E235AF39135B72AF004141B6 /* Rawdata.h */; };
		E235AF5D135B72AF004141B6 /* Rmath.h in Headers */ = {isa = PBXBuildFile; fileRef = E235AF3A135B72AF004141B6 /* Rmath.h */; };
		E235AF5E135B72AF004141B6 /* Rule.cpp in Sources */ = {isa = PBXBuildFile; fileRef = E235AF3B135B72AF004141B6 /* Rule.cpp */; };
		E235AF5F135B72AF004141B6 /* Rule.h in Headers */ = {isa = PBXBuildFile; fileRef = E235AF3C135B72AF004141B6 /* Rule.h */; };
		E235AF60135B72AF004141B6 /* spear.cpp in Sources */ = {isa = PBXBuildFile; fileRef = E235AF3D135B72AF004141B6 /* spear.cpp */; };
		E235AF61135B72AF004141B6 /* spear.h in Headers */ = {isa = PBXBuildFile; fileRef = E235AF3E135B72AF004141B6 /* spear.h */; };
		E235AF62135B72AF004141B6 /* Stringhasher.h in Headers */ = {isa = PBXBuildFile; fileRef = E235AF3F135B72AF004141B6 /* Stringhasher.h */; };
/* End PBXBuildFile section */

/* Begin PBXFileReference section */
		D2AAC046055464E500DB518D /* libcarmen.a */ = {isa = PBXFileReference; explicitFileType = archive.ar; includeInIndex = 0; path = libcarmen.a; sourceTree = BUILT_PRODUCTS_DIR; };
		E235AF1C135B72AF004141B6 /* adaboost.cpp */ = {isa = PBXFileReference; fileEncoding = 4; lastKnownFileType = sourcecode.cpp.cpp; name = adaboost.cpp; path = src/adaboost.cpp; sourceTree = "<group>"; };
		E235AF1D135B72AF004141B6 /* adaboost.h */ = {isa = PBXFileReference; fileEncoding = 4; lastKnownFileType = sourcecode.c.h; name = adaboost.h; path = src/adaboost.h; sourceTree = "<group>"; };
		E235AF1E135B72AF004141B6 /* Attributes.cpp */ = {isa = PBXFileReference; fileEncoding = 4; lastKnownFileType = sourcecode.cpp.cpp; name = Attributes.cpp; path = src/Attributes.cpp; sourceTree = "<group>"; };
		E235AF1F135B72AF004141B6 /* Attributes.h */ = {isa = PBXFileReference; fileEncoding = 4; lastKnownFileType = sourcecode.c.h; name = Attributes.h; path = src/Attributes.h; sourceTree = "<group>"; };
		E235AF20135B72AF004141B6 /* chi2.cpp */ = {isa = PBXFileReference; fileEncoding = 4; lastKnownFileType = sourcecode.cpp.cpp; name = chi2.cpp; path = src/chi2.cpp; sourceTree = "<group>"; };
		E235AF21135B72AF004141B6 /* chi2.h */ = {isa = PBXFileReference; fileEncoding = 4; lastKnownFileType = sourcecode.c.h; name = chi2.h; path = src/chi2.h; sourceTree = "<group>"; };
		E235AF22135B72AF004141B6 /* ClassAnalysis.props */ = {isa = PBXFileReference; fileEncoding = 4; lastKnownFileType = text; name = ClassAnalysis.props; path = src/ClassAnalysis.props; sourceTree = "<group>"; };
		E235AF23135B72AF004141B6 /* Classifier.h */ = {isa = PBXFileReference; fileEncoding = 4; lastKnownFileType = sourcecode.c.h; name = Classifier.h; path = src/Classifier.h; sourceTree = "<group>"; };
		E235AF24135B72AF004141B6 /* ClassMiner.h */ = {isa = PBXFileReference; fileEncoding = 4; lastKnownFileType = sourcecode.c.h; name = ClassMiner.h; path = src/ClassMiner.h; sourceTree = "<group>"; };
		E235AF25135B72AF004141B6 /* ClassMinerOptions.cpp */ = {isa = PBXFileReference; fileEncoding = 4; lastKnownFileType = sourcecode.cpp.cpp; name = ClassMinerOptions.cpp; path = src/ClassMinerOptions.cpp; sourceTree = "<group>"; };
		E235AF26135B72AF004141B6 /* ClassMinerOptions.h */ = {isa = PBXFileReference; fileEncoding = 4; lastKnownFileType = sourcecode.c.h; name = ClassMinerOptions.h; path = src/ClassMinerOptions.h; sourceTree = "<group>"; };
		E235AF27135B72AF004141B6 /* Dataset.cpp */ = {isa = PBXFileReference; fileEncoding = 4; lastKnownFileType = sourcecode.cpp.cpp; name = Dataset.cpp; path = src/Dataset.cpp; sourceTree = "<group>"; };
		E235AF28135B72AF004141B6 /* Dataset.h */ = {isa = PBXFileReference; fileEncoding = 4; lastKnownFileType = sourcecode.c.h; name = Dataset.h; path = src/Dataset.h; sourceTree = "<group>"; };
		E235AF29135B72AF004141B6 /* DataStructures.cpp */ = {isa = PBXFileReference; fileEncoding = 4; lastKnownFileType = sourcecode.cpp.cpp; name = DataStructures.cpp; path = src/DataStructures.cpp; sourceTree = "<group>"; };
		E235AF2A135B72AF004141B6 /* DataStructures.h */ = {isa = PBXFileReference; fileEncoding = 4; lastKnownFileType = sourcecode.c.h; name = DataStructures.h; path = src/DataStructures.h; sourceTree = "<group>"; };
		E235AF2B135B72AF004141B6 /* Discretize.cpp */ = {isa = PBXFileReference; fileEncoding = 4; lastKnownFileType = sourcecode.cpp.cpp; name = Discretize.cpp; path = src/Discretize.cpp; sourceTree = "<group>"; };
		E235AF2C135B72AF004141B6 /* Discretize.h */ = {isa = PBXFileReference; fileEncoding = 4; lastKnownFileType = sourcecode.c.h; name = Discretize.h; path = src/Discretize.h; sourceTree = "<group>"; };
		E235AF2D135B72AF004141B6 /* Evaluation.cpp */ = {isa = PBXFileReference; fileEncoding = 4; lastKnownFileType = sourcecode.cpp.cpp; name = Evaluation.cpp; path = src/Evaluation.cpp; sourceTree = "<group>"; };
		E235AF2E135B72AF004141B6 /* Evaluation.h */ = {isa = PBXFileReference; fileEncoding = 4; lastKnownFileType = sourcecode.c.h; name = Evaluation.h; path = src/Evaluation.h; sourceTree = "<group>"; };
		E235AF2F135B72AF004141B6 /* graph.cpp */ = {isa = PBXFileReference; fileEncoding = 4; lastKnownFileType = sourcecode.cpp.cpp; name = graph.cpp; path = src/graph.cpp; sourceTree = "<group>"; };
		E235AF30135B72AF004141B6 /* graph.h */ = {isa = PBXFileReference; fileEncoding = 4; lastKnownFileType = sourcecode.c.h; name = graph.h; path = src/graph.h; sourceTree = "<group>"; };
		E235AF31135B72AF004141B6 /* Miner.cpp */ = {isa = PBXFileReference; fileEncoding = 4; lastKnownFileType = sourcecode.cpp.cpp; name = Miner.cpp; path = src/Miner.cpp; sourceTree = "<group>"; };
		E235AF32135B72AF004141B6 /* ParseOptions.cpp */ = {isa = PBXFileReference; fileEncoding = 4; lastKnownFileType = sourcecode.cpp.cpp; name = ParseOptions.cpp; path = src/ParseOptions.cpp; sourceTree = "<group>"; };
		E235AF33135B72AF004141B6 /* ParseOptions.h */ = {isa = PBXFileReference; fileEncoding = 4; lastKnownFileType = sourcecode.c.h; name = ParseOptions.h; path = src/ParseOptions.h; sourceTree = "<group>"; };
		E235AF34135B72AF004141B6 /* Parser.cpp */ = {isa = PBXFileReference; fileEncoding = 4; lastKnownFileType = sourcecode.cpp.cpp; name = Parser.cpp; path = src/Parser.cpp; sourceTree = "<group>"; };
		E235AF35135B72AF004141B6 /* Parser.h */ = {isa = PBXFileReference; fileEncoding = 4; lastKnownFileType = sourcecode.c.h; name = Parser.h; path = src/Parser.h; sourceTree = "<group>"; };
		E235AF36135B72AF004141B6 /* Perm.cpp */ = {isa = PBXFileReference; fileEncoding = 4; lastKnownFileType = sourcecode.cpp.cpp; name = Perm.cpp; path = src/Perm.cpp; sourceTree = "<group>"; };
		E235AF37135B72AF004141B6 /* Perm.h */ = {isa = PBXFileReference; fileEncoding = 4; lastKnownFileType = sourcecode.c.h; name = Perm.h; path = src/Perm.h; sourceTree = "<group>"; };
		E235AF38135B72AF004141B6 /* Rawdata.cpp */ = {isa = PBXFileReference; fileEncoding = 4; lastKnownFileType = sourcecode.cpp.cpp; name = Rawdata.cpp; path = src/Rawdata.cpp; sourceTree = "<group>"; };
		E235AF39135B72AF004141B6 /* Rawdata.h */ = {isa = PBXFileReference; fileEncoding = 4; lastKnownFileType = sourcecode.c.h; name = Rawdata.h; path = src/Rawdata.h; sourceTree = "<group>"; };
		E235AF3A135B72AF004141B6 /* Rmath.h */ = {isa = PBXFileReference; fileEncoding = 4; lastKnownFileType = sourcecode.c.h; name = Rmath.h; path = src/Rmath.h; sourceTree = "<group>"; };
		E235AF3B135B72AF004141B6 /* Rule.cpp */ = {isa = PBXFileReference; fileEncoding = 4; lastKnownFileType = sourcecode.cpp.cpp; name = Rule.cpp; path = src/Rule.cpp; sourceTree = "<group>"; };
		E235AF3C135B72AF004141B6 /* Rule.h */ = {isa = PBXFileReference; fileEncoding = 4; lastKnownFileType = sourcecode.c.h; name = Rule.h; path = src/Rule.h; sourceTree = "<group>"; };
		E235AF3D135B72AF004141B6 /* spear.cpp */ = {isa = PBXFileReference; fileEncoding = 4; lastKnownFileType = sourcecode.cpp.cpp; name = spear.cpp; path = src/spear.cpp; sourceTree = "<group>"; };
		E235AF3E135B72AF004141B6 /* spear.h */ = {isa = PBXFileReference; fileEncoding = 4; lastKnownFileType = sourcecode.c.h; name = spear.h; path = src/spear.h; sourceTree = "<group>"; };
		E235AF3F135B72AF004141B6 /* Stringhasher.h */ = {isa = PBXFileReference; fileEncoding = 4; lastKnownFileType = sourcecode.c.h; name = Stringhasher.h; path = src/Stringhasher.h; sourceTree = "<group>"; };
/* End PBXFileReference section */

/* Begin PBXFrameworksBuildPhase section */
		D289987405E68DCB004EDB86 /* Frameworks */ = {
			isa = PBXFrameworksBuildPhase;
			buildActionMask = 2147483647;
			files = (
			);
			runOnlyForDeploymentPostprocessing = 0;
		};
/* End PBXFrameworksBuildPhase section */

/* Begin PBXGroup section */
		08FB7794FE84155DC02AAC07 /* carmen */ = {
			isa = PBXGroup;
			children = (
				08FB7795FE84155DC02AAC07 /* Source */,
				C6A0FF2B0290797F04C91782 /* Documentation */,
				1AB674ADFE9D54B511CA2CBB /* Products */,
			);
			name = carmen;
			sourceTree = "<group>";
		};
		08FB7795FE84155DC02AAC07 /* Source */ = {
			isa = PBXGroup;
			children = (
				E235AF1C135B72AF004141B6 /* adaboost.cpp */,
				E235AF1D135B72AF004141B6 /* adaboost.h */,
				E235AF1E135B72AF004141B6 /* Attributes.cpp */,
				E235AF1F135B72AF004141B6 /* Attributes.h */,
				E235AF20135B72AF004141B6 /* chi2.cpp */,
				E235AF21135B72AF004141B6 /* chi2.h */,
				E235AF22135B72AF004141B6 /* ClassAnalysis.props */,
				E235AF23135B72AF004141B6 /* Classifier.h */,
				E235AF24135B72AF004141B6 /* ClassMiner.h */,
				E235AF25135B72AF004141B6 /* ClassMinerOptions.cpp */,
				E235AF26135B72AF004141B6 /* ClassMinerOptions.h */,
				E235AF27135B72AF004141B6 /* Dataset.cpp */,
				E235AF28135B72AF004141B6 /* Dataset.h */,
				E235AF29135B72AF004141B6 /* DataStructures.cpp */,
				E235AF2A135B72AF004141B6 /* DataStructures.h */,
				E235AF2B135B72AF004141B6 /* Discretize.cpp */,
				E235AF2C135B72AF004141B6 /* Discretize.h */,
				E235AF2D135B72AF004141B6 /* Evaluation.cpp */,
				E235AF2E135B72AF004141B6 /* Evaluation.h */,
				E235AF2F135B72AF004141B6 /* graph.cpp */,
				E235AF30135B72AF004141B6 /* graph.h */,
				E235AF31135B72AF004141B6 /* Miner.cpp */,
				E235AF32135B72AF004141B6 /* ParseOptions.cpp */,
				E235AF33135B72AF004141B6 /* ParseOptions.h */,
				E235AF34135B72AF004141B6 /* Parser.cpp */,
				E235AF35135B72AF004141B6 /* Parser.h */,
				E235AF36135B72AF004141B6 /* Perm.cpp */,
				E235AF37135B72AF004141B6 /* Perm.h */,
				E235AF38135B72AF004141B6 /* Rawdata.cpp */,
				E235AF39135B72AF004141B6 /* Rawdata.h */,
				E235AF3A135B72AF004141B6 /* Rmath.h */,
				E235AF3B135B72AF004141B6 /* Rule.cpp */,
				E235AF3C135B72AF004141B6 /* Rule.h */,
				E235AF3D135B72AF004141B6 /* spear.cpp */,
				E235AF3E135B72AF004141B6 /* spear.h */,
				E235AF3F135B72AF004141B6 /* Stringhasher.h */,
			);
			name = Source;
			sourceTree = "<group>";
		};
		1AB674ADFE9D54B511CA2CBB /* Products */ = {
			isa = PBXGroup;
			children = (
				D2AAC046055464E500DB518D /* libcarmen.a */,
			);
			name = Products;
			sourceTree = "<group>";
		};
		C6A0FF2B0290797F04C91782 /* Documentation */ = {
			isa = PBXGroup;
			children = (
			);
			name = Documentation;
			sourceTree = "<group>";
		};
/* End PBXGroup section */

/* Begin PBXHeadersBuildPhase section */
		D2AAC043055464E500DB518D /* Headers */ = {
			isa = PBXHeadersBuildPhase;
			buildActionMask = 2147483647;
			files = (
				E235AF41135B72AF004141B6 /* adaboost.h in Headers */,
				E235AF43135B72AF004141B6 /* Attributes.h in Headers */,
				E235AF45135B72AF004141B6 /* chi2.h in Headers */,
				E235AF46135B72AF004141B6 /* Classifier.h in Headers */,
				E235AF47135B72AF004141B6 /* ClassMiner.h in Headers */,
				E235AF49135B72AF004141B6 /* ClassMinerOptions.h in Headers */,
				E235AF4B135B72AF004141B6 /* Dataset.h in Headers */,
				E235AF4D135B72AF004141B6 /* DataStructures.h in Headers */,
				E235AF4F135B72AF004141B6 /* Discretize.h in Headers */,
				E235AF51135B72AF004141B6 /* Evaluation.h in Headers */,
				E235AF53135B72AF004141B6 /* graph.h in Headers */,
				E235AF56135B72AF004141B6 /* ParseOptions.h in Headers */,
				E235AF58135B72AF004141B6 /* Parser.h in Headers */,
				E235AF5A135B72AF004141B6 /* Perm.h in Headers */,
				E235AF5C135B72AF004141B6 /* Rawdata.h in Headers */,
				E235AF5D135B72AF004141B6 /* Rmath.h in Headers */,
				E235AF5F135B72AF004141B6 /* Rule.h in Headers */,
				E235AF61135B72AF004141B6 /* spear.h in Headers */,
				E235AF62135B72AF004141B6 /* Stringhasher.h in Headers */,
			);
			runOnlyForDeploymentPostprocessing = 0;
		};
/* End PBXHeadersBuildPhase section */

/* Begin PBXNativeTarget section */
		D2AAC045055464E500DB518D /* carmen */ = {
			isa = PBXNativeTarget;
			buildConfigurationList = 1DEB91EB08733DB70010E9CD /* Build configuration list for PBXNativeTarget "carmen" */;
			buildPhases = (
				D2AAC043055464E500DB518D /* Headers */,
				D2AAC044055464E500DB518D /* Sources */,
				D289987405E68DCB004EDB86 /* Frameworks */,
			);
			buildRules = (
			);
			dependencies = (
			);
			name = carmen;
			productName = carmen;
			productReference = D2AAC046055464E500DB518D /* libcarmen.a */;
			productType = "com.apple.product-type.library.static";
		};
/* End PBXNativeTarget section */

/* Begin PBXProject section */
		08FB7793FE84155DC02AAC07 /* Project object */ = {
			isa = PBXProject;
			attributes = {
				LastUpgradeCheck = 0450;
			};
			buildConfigurationList = 1DEB91EF08733DB70010E9CD /* Build configuration list for PBXProject "carmen" */;
			compatibilityVersion = "Xcode 3.2";
			developmentRegion = English;
			hasScannedForEncodings = 1;
			knownRegions = (
				English,
				Japanese,
				French,
				German,
			);
			mainGroup = 08FB7794FE84155DC02AAC07 /* carmen */;
			projectDirPath = "";
			projectRoot = "";
			targets = (
				D2AAC045055464E500DB518D /* carmen */,
			);
		};
/* End PBXProject section */

/* Begin PBXSourcesBuildPhase section */
		D2AAC044055464E500DB518D /* Sources */ = {
			isa = PBXSourcesBuildPhase;
			buildActionMask = 2147483647;
			files = (
				E235AF40135B72AF004141B6 /* adaboost.cpp in Sources */,
				E235AF42135B72AF004141B6 /* Attributes.cpp in Sources */,
				E235AF44135B72AF004141B6 /* chi2.cpp in Sources */,
				E235AF48135B72AF004141B6 /* ClassMinerOptions.cpp in Sources */,
				E235AF4A135B72AF004141B6 /* Dataset.cpp in Sources */,
				E235AF4C135B72AF004141B6 /* DataStructures.cpp in Sources */,
				E235AF4E135B72AF004141B6 /* Discretize.cpp in Sources */,
				E235AF50135B72AF004141B6 /* Evaluation.cpp in Sources */,
				E235AF52135B72AF004141B6 /* graph.cpp in Sources */,
				E235AF54135B72AF004141B6 /* Miner.cpp in Sources */,
				E235AF55135B72AF004141B6 /* ParseOptions.cpp in Sources */,
				E235AF57135B72AF004141B6 /* Parser.cpp in Sources */,
				E235AF59135B72AF004141B6 /* Perm.cpp in Sources */,
				E235AF5B135B72AF004141B6 /* Rawdata.cpp in Sources */,
				E235AF5E135B72AF004141B6 /* Rule.cpp in Sources */,
				E235AF60135B72AF004141B6 /* spear.cpp in Sources */,
			);
			runOnlyForDeploymentPostprocessing = 0;
		};
/* End PBXSourcesBuildPhase section */

/* Begin XCBuildConfiguration section */
		1DEB91EC08733DB70010E9CD /* Debug */ = {
			isa = XCBuildConfiguration;
			buildSettings = {
				ALWAYS_SEARCH_USER_PATHS = NO;
				COMBINE_HIDPI_IMAGES = YES;
				COPY_PHASE_STRIP = NO;
				GCC_DYNAMIC_NO_PIC = NO;
				GCC_MODEL_TUNING = G5;
				GCC_OPTIMIZATION_LEVEL = 0;
				INSTALL_PATH = /usr/local/lib;
				PRODUCT_NAME = carmen;
				SDKROOT = macosx10.7;
				SYMROOT = build;
			};
			name = Debug;
		};
		1DEB91ED08733DB70010E9CD /* Release */ = {
			isa = XCBuildConfiguration;
			buildSettings = {
				ALWAYS_SEARCH_USER_PATHS = NO;
				COMBINE_HIDPI_IMAGES = YES;
				DEBUG_INFORMATION_FORMAT = "dwarf-with-dsym";
				GCC_MODEL_TUNING = G5;
				INSTALL_PATH = /usr/local/lib;
				PRODUCT_NAME = carmen;
				SDKROOT = macosx10.7;
				SYMROOT = build;
			};
			name = Release;
		};
		1DEB91F008733DB70010E9CD /* Debug */ = {
			isa = XCBuildConfiguration;
			buildSettings = {
				ARCHS = "$(ARCHS_STANDARD_32_64_BIT)";
				GCC_C_LANGUAGE_STANDARD = gnu99;
				GCC_OPTIMIZATION_LEVEL = 0;
				GCC_WARN_ABOUT_RETURN_TYPE = YES;
				GCC_WARN_UNUSED_VARIABLE = YES;
				HEADER_SEARCH_PATHS = /usr/local/boost_1_54_0;
				ONLY_ACTIVE_ARCH = YES;
				SDKROOT = macosx10.5;
				SYMROOT = build;
			};
			name = Debug;
		};
		1DEB91F108733DB70010E9CD /* Release */ = {
			isa = XCBuildConfiguration;
			buildSettings = {
				ARCHS = "$(ARCHS_STANDARD_32_BIT)";
				GCC_C_LANGUAGE_STANDARD = gnu99;
				GCC_WARN_ABOUT_RETURN_TYPE = YES;
				GCC_WARN_UNUSED_VARIABLE = YES;
				HEADER_SEARCH_PATHS = /usr/local/boost_1_54_0;
				INSTALL_PATH = /usr/lib;
				"LIBRARY_SEARCH_PATHS[arch=i386]" = /usr/local/boost_1_54_0/stage/lib32;
				PRODUCT_NAME = Carmen;
				SDKROOT = macosx10.5;
				SYMROOT = build;
			};
			name = Release;
		};
		E235AF6F135B7567004141B6 /* Release64 */ = {
			isa = XCBuildConfiguration;
			buildSettings = {
				ARCHS = "$(ARCHS_STANDARD_32_64_BIT)";
				GCC_C_LANGUAGE_STANDARD = gnu99;
				GCC_OPTIMIZATION_LEVEL = 3;
				GCC_WARN_ABOUT_RETURN_TYPE = YES;
				GCC_WARN_UNUSED_VARIABLE = YES;
				HEADER_SEARCH_PATHS = /usr/local/boost_1_54_0;
				INSTALL_PATH = "";
				LIBRARY_SEARCH_PATHS = /usr/local/boost_1_54_0/stage/lib64;
				OTHER_LDFLAGS = (
					"-lboost_thread",
					"-lboost_regex",
				);
				PRODUCT_NAME = Carmen64;
				SDKROOT = macosx10.5;
				SYMROOT = build;
				VALID_ARCHS = x86_64;
			};
			name = Release64;
		};
		E235AF70135B7567004141B6 /* Release64 */ = {
			isa = XCBuildConfiguration;
			buildSettings = {
				ALWAYS_SEARCH_USER_PATHS = NO;
				COMBINE_HIDPI_IMAGES = YES;
				DEBUG_INFORMATION_FORMAT = "dwarf-with-dsym";
				GCC_MODEL_TUNING = G5;
				INSTALL_PATH = /usr/local/lib;
				PRODUCT_NAME = carmen;
				SDKROOT = macosx10.7;
				SYMROOT = build;
			};
			name = Release64;
		};
/* End XCBuildConfiguration section */

/* Begin XCConfigurationList section */
		1DEB91EB08733DB70010E9CD /* Build configuration list for PBXNativeTarget "carmen" */ = {
			isa = XCConfigurationList;
			buildConfigurations = (
				1DEB91EC08733DB70010E9CD /* Debug */,
				1DEB91ED08733DB70010E9CD /* Release */,
				E235AF70135B7567004141B6 /* Release64 */,
			);
			defaultConfigurationIsVisible = 0;
			defaultConfigurationName = Release;
		};
		1DEB91EF08733DB70010E9CD /* Build configuration list for PBXProject "carmen" */ = {
			isa = XCConfigurationList;
			buildConfigurations = (
				1DEB91F008733DB70010E9CD /* Debug */,
				1DEB91F108733DB70010E9CD /* Release */,
				E235AF6F135B7567004141B6 /* Release64 */,
			);
			defaultConfigurationIsVisible = 0;
			defaultConfigurationName = Release;
		};
/* End XCConfigurationList section */
	};
	rootObject = 08FB7793FE84155DC02AAC07 /* Project object */;
}
